
Microsoft Visual Studio Solution File, Format Version 12.00
# Visual Studio Version 17
VisualStudioVersion = 17.7.34031.279
MinimumVisualStudioVersion = 10.0.40219.1
Project("{FAE04EC0-301F-11D3-BF4B-00C04F79EFBC}") = "GitTest", "GitTest\GitTest.csproj", "{01543B8C-1EEE-439E-9251-1011DE0F793B}"
EndProject
Global
	GlobalSection(SolutionConfigurationPlatforms) = preSolution
		Debug|Any CPU = Debug|Any CPU
		Release|Any CPU = Release|Any CPU
	EndGlobalSection
	GlobalSection(ProjectConfigurationPlatforms) = postSolution
		{01543B8C-1EEE-439E-9251-1011DE0F793B}.Debug|Any CPU.ActiveCfg = Debug|Any CPU
		{01543B8C-1EEE-439E-9251-1011DE0F793B}.Debug|Any CPU.Build.0 = Debug|Any CPU
		{01543B8C-1EEE-439E-9251-1011DE0F793B}.Release|Any CPU.ActiveCfg = Release|Any CPU
		{01543B8C-1EEE-439E-9251-1011DE0F793B}.Release|Any CPU.Build.0 = Release|Any CPU
	EndGlobalSection
	GlobalSection(SolutionProperties) = preSolution
		HideSolutionNode = FALSE
	EndGlobalSection
	GlobalSection(ExtensibilityGlobals) = postSolution
		SolutionGuid = {475586E9-A9B7-4DEB-8070-E6DADF6AAFCD}
	EndGlobalSection
EndGlobal
